// !$*UTF8*$!
{
	archiveVersion = 1;
	classes = {
	};
	objectVersion = 46;
	objects = {

/* Begin PBXBuildFile section */
		A49C9CA813E8316C00726ECA /* UIKit.framework in Frameworks */ = {isa = PBXBuildFile; fileRef = A49C9CA713E8316C00726ECA /* UIKit.framework */; };
		A49C9CAA13E8316C00726ECA /* Foundation.framework in Frameworks */ = {isa = PBXBuildFile; fileRef = A49C9CA913E8316C00726ECA /* Foundation.framework */; };
		A49C9CAC13E8316C00726ECA /* CoreGraphics.framework in Frameworks */ = {isa = PBXBuildFile; fileRef = A49C9CAB13E8316C00726ECA /* CoreGraphics.framework */; };
		A49C9CB213E8316D00726ECA /* InfoPlist.strings in Resources */ = {isa = PBXBuildFile; fileRef = A49C9CB013E8316D00726ECA /* InfoPlist.strings */; };
		A49C9CB513E8316D00726ECA /* main.m in Sources */ = {isa = PBXBuildFile; fileRef = A49C9CB413E8316D00726ECA /* main.m */; };
		A49C9CB813E8316D00726ECA /* WebMusicDownloadAppDelegate.m in Sources */ = {isa = PBXBuildFile; fileRef = A49C9CB713E8316D00726ECA /* WebMusicDownloadAppDelegate.m */; };
		A49C9CBB13E8316D00726ECA /* MainWindow.xib in Resources */ = {isa = PBXBuildFile; fileRef = A49C9CB913E8316D00726ECA /* MainWindow.xib */; };
		A49C9CBE13E8316D00726ECA /* FirstViewController.m in Sources */ = {isa = PBXBuildFile; fileRef = A49C9CBD13E8316D00726ECA /* FirstViewController.m */; };
		A49C9CC113E8316D00726ECA /* SecondViewController.m in Sources */ = {isa = PBXBuildFile; fileRef = A49C9CC013E8316D00726ECA /* SecondViewController.m */; };
		A49C9CC413E8316D00726ECA /* FirstView.xib in Resources */ = {isa = PBXBuildFile; fileRef = A49C9CC213E8316D00726ECA /* FirstView.xib */; };
		A49C9CC713E8316D00726ECA /* SecondView.xib in Resources */ = {isa = PBXBuildFile; fileRef = A49C9CC513E8316D00726ECA /* SecondView.xib */; };
/* End PBXBuildFile section */

/* Begin PBXFileReference section */
		A49C9CA313E8316C00726ECA /* WebMusicDownload.app */ = {isa = PBXFileReference; explicitFileType = wrapper.application; includeInIndex = 0; path = WebMusicDownload.app; sourceTree = BUILT_PRODUCTS_DIR; };
		A49C9CA713E8316C00726ECA /* UIKit.framework */ = {isa = PBXFileReference; lastKnownFileType = wrapper.framework; name = UIKit.framework; path = System/Library/Frameworks/UIKit.framework; sourceTree = SDKROOT; };
		A49C9CA913E8316C00726ECA /* Foundation.framework */ = {isa = PBXFileReference; lastKnownFileType = wrapper.framework; name = Foundation.framework; path = System/Library/Frameworks/Foundation.framework; sourceTree = SDKROOT; };
		A49C9CAB13E8316C00726ECA /* CoreGraphics.framework */ = {isa = PBXFileReference; lastKnownFileType = wrapper.framework; name = CoreGraphics.framework; path = System/Library/Frameworks/CoreGraphics.framework; sourceTree = SDKROOT; };
		A49C9CAF13E8316C00726ECA /* WebMusicDownload-Info.plist */ = {isa = PBXFileReference; path = "WebMusicDownload-Info.plist"; sourceTree = "<group>"; };
		A49C9CB113E8316D00726ECA /* en */ = {isa = PBXFileReference; lastKnownFileType = text.plist.strings; name = en; path = en.lproj/InfoPlist.strings; sourceTree = "<group>"; };
		A49C9CB313E8316D00726ECA /* WebMusicDownload-Prefix.pch */ = {isa = PBXFileReference; path = "WebMusicDownload-Prefix.pch"; sourceTree = "<group>"; };
		A49C9CB413E8316D00726ECA /* main.m */ = {isa = PBXFileReference; lastKnownFileType = sourcecode.c.objc; path = main.m; sourceTree = "<group>"; };
		A49C9CB613E8316D00726ECA /* WebMusicDownloadAppDelegate.h */ = {isa = PBXFileReference; path = WebMusicDownloadAppDelegate.h; sourceTree = "<group>"; };
		A49C9CB713E8316D00726ECA /* WebMusicDownloadAppDelegate.m */ = {isa = PBXFileReference; lastKnownFileType = sourcecode.c.objc; path = WebMusicDownloadAppDelegate.m; sourceTree = "<group>"; };
		A49C9CBA13E8316D00726ECA /* en */ = {isa = PBXFileReference; lastKnownFileType = file.xib; name = en; path = en.lproj/MainWindow.xib; sourceTree = "<group>"; };
		A49C9CBC13E8316D00726ECA /* FirstViewController.h */ = {isa = PBXFileReference; path = FirstViewController.h; sourceTree = "<group>"; };
		A49C9CBD13E8316D00726ECA /* FirstViewController.m */ = {isa = PBXFileReference; lastKnownFileType = sourcecode.c.objc; path = FirstViewController.m; sourceTree = "<group>"; };
		A49C9CBF13E8316D00726ECA /* SecondViewController.h */ = {isa = PBXFileReference; path = SecondViewController.h; sourceTree = "<group>"; };
		A49C9CC013E8316D00726ECA /* SecondViewController.m */ = {isa = PBXFileReference; lastKnownFileType = sourcecode.c.objc; path = SecondViewController.m; sourceTree = "<group>"; };
		A49C9CC313E8316D00726ECA /* en */ = {isa = PBXFileReference; lastKnownFileType = file.xib; name = en; path = en.lproj/FirstView.xib; sourceTree = "<group>"; };
		A49C9CC613E8316D00726ECA /* en */ = {isa = PBXFileReference; lastKnownFileType = file.xib; name = en; path = en.lproj/SecondView.xib; sourceTree = "<group>"; };
/* End PBXFileReference section */

/* Begin PBXFrameworksBuildPhase section */
		A49C9CA013E8316C00726ECA /* Frameworks */ = {
			isa = PBXFrameworksBuildPhase;
			buildActionMask = 2147483647;
			files = (
				A49C9CA813E8316C00726ECA /* UIKit.framework in Frameworks */,
				A49C9CAA13E8316C00726ECA /* Foundation.framework in Frameworks */,
				A49C9CAC13E8316C00726ECA /* CoreGraphics.framework in Frameworks */,
			);
			runOnlyForDeploymentPostprocessing = 0;
		};
/* End PBXFrameworksBuildPhase section */

/* Begin PBXGroup section */
		A49C9C9813E8316C00726ECA = {
			isa = PBXGroup;
			children = (
				A49C9CAD13E8316C00726ECA /* WebMusicDownload */,
				A49C9CA613E8316C00726ECA /* Frameworks */,
				A49C9CA413E8316C00726ECA /* Products */,
			);
			sourceTree = "<group>";
		};
		A49C9CA413E8316C00726ECA /* Products */ = {
			isa = PBXGroup;
			children = (
				A49C9CA313E8316C00726ECA /* WebMusicDownload.app */,
			);
			name = Products;
			sourceTree = "<group>";
		};
		A49C9CA613E8316C00726ECA /* Frameworks */ = {
			isa = PBXGroup;
			children = (
				A49C9CA713E8316C00726ECA /* UIKit.framework */,
				A49C9CA913E8316C00726ECA /* Foundation.framework */,
				A49C9CAB13E8316C00726ECA /* CoreGraphics.framework */,
			);
			name = Frameworks;
			sourceTree = "<group>";
		};
		A49C9CAD13E8316C00726ECA /* WebMusicDownload */ = {
			isa = PBXGroup;
			children = (
				A49C9CB613E8316D00726ECA /* WebMusicDownloadAppDelegate.h */,
				A49C9CB713E8316D00726ECA /* WebMusicDownloadAppDelegate.m */,
				A49C9CB913E8316D00726ECA /* MainWindow.xib */,
				A49C9CBC13E8316D00726ECA /* FirstViewController.h */,
				A49C9CBD13E8316D00726ECA /* FirstViewController.m */,
				A49C9CBF13E8316D00726ECA /* SecondViewController.h */,
				A49C9CC013E8316D00726ECA /* SecondViewController.m */,
				A49C9CC213E8316D00726ECA /* FirstView.xib */,
				A49C9CC513E8316D00726ECA /* SecondView.xib */,
				A49C9CAE13E8316C00726ECA /* Supporting Files */,
			);
			path = WebMusicDownload;
			sourceTree = "<group>";
		};
		A49C9CAE13E8316C00726ECA /* Supporting Files */ = {
			isa = PBXGroup;
			children = (
				A49C9CAF13E8316C00726ECA /* WebMusicDownload-Info.plist */,
				A49C9CB013E8316D00726ECA /* InfoPlist.strings */,
				A49C9CB313E8316D00726ECA /* WebMusicDownload-Prefix.pch */,
				A49C9CB413E8316D00726ECA /* main.m */,
			);
			name = "Supporting Files";
			sourceTree = "<group>";
		};
/* End PBXGroup section */

/* Begin PBXNativeTarget section */
		A49C9CA213E8316C00726ECA /* WebMusicDownload */ = {
			isa = PBXNativeTarget;
			buildConfigurationList = A49C9CCA13E8316D00726ECA /* Build configuration list for PBXNativeTarget "WebMusicDownload" */;
			buildPhases = (
				A49C9C9F13E8316C00726ECA /* Sources */,
				A49C9CA013E8316C00726ECA /* Frameworks */,
				A49C9CA113E8316C00726ECA /* Resources */,
			);
			buildRules = (
			);
			dependencies = (
			);
			name = WebMusicDownload;
			productName = WebMusicDownload;
			productReference = A49C9CA313E8316C00726ECA /* WebMusicDownload.app */;
			productType = "com.apple.product-type.application";
		};
/* End PBXNativeTarget section */

/* Begin PBXProject section */
		A49C9C9A13E8316C00726ECA /* Project object */ = {
			isa = PBXProject;
			buildConfigurationList = A49C9C9D13E8316C00726ECA /* Build configuration list for PBXProject "WebMusicDownload" */;
			compatibilityVersion = "Xcode 3.2";
			developmentRegion = English;
			hasScannedForEncodings = 0;
			knownRegions = (
				en,
			);
			mainGroup = A49C9C9813E8316C00726ECA;
			productRefGroup = A49C9CA413E8316C00726ECA /* Products */;
			projectDirPath = "";
			projectRoot = "";
			targets = (
				A49C9CA213E8316C00726ECA /* WebMusicDownload */,
			);
		};
/* End PBXProject section */

/* Begin PBXResourcesBuildPhase section */
		A49C9CA113E8316C00726ECA /* Resources */ = {
			isa = PBXResourcesBuildPhase;
			buildActionMask = 2147483647;
			files = (
				A49C9CB213E8316D00726ECA /* InfoPlist.strings in Resources */,
				A49C9CBB13E8316D00726ECA /* MainWindow.xib in Resources */,
				A49C9CC413E8316D00726ECA /* FirstView.xib in Resources */,
				A49C9CC713E8316D00726ECA /* SecondView.xib in Resources */,
			);
			runOnlyForDeploymentPostprocessing = 0;
		};
/* End PBXResourcesBuildPhase section */

/* Begin PBXSourcesBuildPhase section */
		A49C9C9F13E8316C00726ECA /* Sources */ = {
			isa = PBXSourcesBuildPhase;
			buildActionMask = 2147483647;
			files = (
				A49C9CB513E8316D00726ECA /* main.m in Sources */,
				A49C9CB813E8316D00726ECA /* WebMusicDownloadAppDelegate.m in Sources */,
				A49C9CBE13E8316D00726ECA /* FirstViewController.m in Sources */,
				A49C9CC113E8316D00726ECA /* SecondViewController.m in Sources */,
			);
			runOnlyForDeploymentPostprocessing = 0;
		};
/* End PBXSourcesBuildPhase section */

/* Begin PBXVariantGroup section */
		A49C9CB013E8316D00726ECA /* InfoPlist.strings */ = {
			isa = PBXVariantGroup;
			children = (
				A49C9CB113E8316D00726ECA /* en */,
			);
			name = InfoPlist.strings;
			sourceTree = "<group>";
		};
		A49C9CB913E8316D00726ECA /* MainWindow.xib */ = {
			isa = PBXVariantGroup;
			children = (
				A49C9CBA13E8316D00726ECA /* en */,
			);
			name = MainWindow.xib;
			sourceTree = "<group>";
		};
		A49C9CC213E8316D00726ECA /* FirstView.xib */ = {
			isa = PBXVariantGroup;
			children = (
				A49C9CC313E8316D00726ECA /* en */,
			);
			name = FirstView.xib;
			sourceTree = "<group>";
		};
		A49C9CC513E8316D00726ECA /* SecondView.xib */ = {
			isa = PBXVariantGroup;
			children = (
				A49C9CC613E8316D00726ECA /* en */,
			);
			name = SecondView.xib;
			sourceTree = "<group>";
		};
/* End PBXVariantGroup section */

/* Begin XCBuildConfiguration section */
		A49C9CC813E8316D00726ECA /* Debug */ = {
			isa = XCBuildConfiguration;
			buildSettings = {
				ARCHS = "$(ARCHS_STANDARD_32_BIT)";
				"CODE_SIGN_IDENTITY[sdk=iphoneos*]" = "iPhone Developer";
				GCC_C_LANGUAGE_STANDARD = gnu99;
				GCC_OPTIMIZATION_LEVEL = 0;
				GCC_PREPROCESSOR_DEFINITIONS = DEBUG;
				GCC_SYMBOLS_PRIVATE_EXTERN = NO;
				GCC_VERSION = com.apple.compilers.llvmgcc42;
				GCC_WARN_ABOUT_RETURN_TYPE = YES;
				GCC_WARN_UNUSED_VARIABLE = YES;
				IPHONEOS_DEPLOYMENT_TARGET = 4.3;
				SDKROOT = iphoneos;
			};
			name = Debug;
		};
		A49C9CC913E8316D00726ECA /* Release */ = {
			isa = XCBuildConfiguration;
			buildSettings = {
				ARCHS = "$(ARCHS_STANDARD_32_BIT)";
				"CODE_SIGN_IDENTITY[sdk=iphoneos*]" = "iPhone Developer";
				GCC_C_LANGUAGE_STANDARD = gnu99;
				GCC_VERSION = com.apple.compilers.llvmgcc42;
				GCC_WARN_ABOUT_RETURN_TYPE = YES;
				GCC_WARN_UNUSED_VARIABLE = YES;
				IPHONEOS_DEPLOYMENT_TARGET = 4.3;
				OTHER_CFLAGS = "-DNS_BLOCK_ASSERTIONS=1";
				SDKROOT = iphoneos;
			};
			name = Release;
		};
		A49C9CCB13E8316D00726ECA /* Debug */ = {
			isa = XCBuildConfiguration;
			buildSettings = {
				ALWAYS_SEARCH_USER_PATHS = NO;
				COPY_PHASE_STRIP = NO;
				GCC_DYNAMIC_NO_PIC = NO;
				GCC_PRECOMPILE_PREFIX_HEADER = YES;
				GCC_PREFIX_HEADER = "WebMusicDownload/WebMusicDownload-Prefix.pch";
				INFOPLIST_FILE = "WebMusicDownload/WebMusicDownload-Info.plist";
				PRODUCT_NAME = "$(TARGET_NAME)";
				WRAPPER_EXTENSION = app;
			};
			name = Debug;
		};
		A49C9CCC13E8316D00726ECA /* Release */ = {
			isa = XCBuildConfiguration;
			buildSettings = {
				ALWAYS_SEARCH_USER_PATHS = NO;
				COPY_PHASE_STRIP = YES;
				GCC_PRECOMPILE_PREFIX_HEADER = YES;
				GCC_PREFIX_HEADER = "WebMusicDownload/WebMusicDownload-Prefix.pch";
				INFOPLIST_FILE = "WebMusicDownload/WebMusicDownload-Info.plist";
				PRODUCT_NAME = "$(TARGET_NAME)";
				VALIDATE_PRODUCT = YES;
				WRAPPER_EXTENSION = app;
			};
			name = Release;
		};
/* End XCBuildConfiguration section */

/* Begin XCConfigurationList section */
		A49C9C9D13E8316C00726ECA /* Build configuration list for PBXProject "WebMusicDownload" */ = {
			isa = XCConfigurationList;
			buildConfigurations = (
				A49C9CC813E8316D00726ECA /* Debug */,
				A49C9CC913E8316D00726ECA /* Release */,
			);
			defaultConfigurationIsVisible = 0;
			defaultConfigurationName = Release;
		};
		A49C9CCA13E8316D00726ECA /* Build configuration list for PBXNativeTarget "WebMusicDownload" */ = {
			isa = XCConfigurationList;
			buildConfigurations = (
				A49C9CCB13E8316D00726ECA /* Debug */,
				A49C9CCC13E8316D00726ECA /* Release */,
			);
			defaultConfigurationIsVisible = 0;
		};
/* End XCConfigurationList section */
	};
	rootObject = A49C9C9A13E8316C00726ECA /* Project object */;
}
